Microsoft Visual Studio Solution File, Format Version 12.00
# Visual Studio Version 16
VisualStudioVersion = 16.0.28803.352
MinimumVisualStudioVersion = 10.0.40219.1
Project("{9A19103F-16F7-4668-BE54-9A1E7A4F7556}") = "Green.Core", "Green.Core\Green.Core.csproj", "{117FB8B5-F12F-400B-8CB1-9E19C12FC46A}"
EndProject
Project("{9A19103F-16F7-4668-BE54-9A1E7A4F7556}") = "Green.Core.Tests", "Green.Core.Tests\Green.Core.Tests.csproj", "{700EBF4E-CE11-4A29-AEFC-5AB57033034D}"
EndProject
Project("{2150E333-8FDC-42A3-9474-1A3956D46DE8}") = "Solution Items", "Solution Items", "{A3335E4F-BD08-4C2B-B988-A451ED9D5BE8}"
	ProjectSection(SolutionItems) = preProject
		.editorconfig = .editorconfig
		.gitignore = .gitignore
		LICENSE = LICENSE
		README.md = README.md
	EndProjectSection
EndProject
Project("{FAE04EC0-301F-11D3-BF4B-00C04F79EFBC}") = "Green.Repl", "Green.Repl\Green.Repl.csproj", "{59DC78A1-0768-4A1C-BF11-B4777BE826C0}"
EndProject
Global
	GlobalSection(SolutionConfigurationPlatforms) = preSolution
		Debug|Any CPU = Debug|Any CPU
		Release|Any CPU = Release|Any CPU
	EndGlobalSection
	GlobalSection(ProjectConfigurationPlatforms) = postSolution
		{117FB8B5-F12F-400B-8CB1-9E19C12FC46A}.Debug|Any CPU.ActiveCfg = Debug|Any CPU
		{117FB8B5-F12F-400B-8CB1-9E19C12FC46A}.Debug|Any CPU.Build.0 = Debug|Any CPU
		{117FB8B5-F12F-400B-8CB1-9E19C12FC46A}.Release|Any CPU.ActiveCfg = Release|Any CPU
		{117FB8B5-F12F-400B-8CB1-9E19C12FC46A}.Release|Any CPU.Build.0 = Release|Any CPU
		{700EBF4E-CE11-4A29-AEFC-5AB57033034D}.Debug|Any CPU.ActiveCfg = Debug|Any CPU
		{700EBF4E-CE11-4A29-AEFC-5AB57033034D}.Debug|Any CPU.Build.0 = Debug|Any CPU
		{700EBF4E-CE11-4A29-AEFC-5AB57033034D}.Release|Any CPU.ActiveCfg = Release|Any CPU
		{700EBF4E-CE11-4A29-AEFC-5AB57033034D}.Release|Any CPU.Build.0 = Release|Any CPU
		{59DC78A1-0768-4A1C-BF11-B4777BE826C0}.Debug|Any CPU.ActiveCfg = Debug|Any CPU
		{59DC78A1-0768-4A1C-BF11-B4777BE826C0}.Debug|Any CPU.Build.0 = Debug|Any CPU
		{59DC78A1-0768-4A1C-BF11-B4777BE826C0}.Release|Any CPU.ActiveCfg = Release|Any CPU
		{59DC78A1-0768-4A1C-BF11-B4777BE826C0}.Release|Any CPU.Build.0 = Release|Any CPU
	EndGlobalSection
	GlobalSection(SolutionProperties) = preSolution
		HideSolutionNode = FALSE
	EndGlobalSection
	GlobalSection(ExtensibilityGlobals) = postSolution
		SolutionGuid = {239A8BDE-FEED-4F39-B852-F260C5D75857}
	EndGlobalSection
EndGlobal
