
Microsoft Visual Studio Solution File, Format Version 12.00
# Visual Studio 15
VisualStudioVersion = 15.0.28307.438
MinimumVisualStudioVersion = 10.0.40219.1
Project("{FAE04EC0-301F-11D3-BF4B-00C04F79EFBC}") = "Green.Core", "Green.Core\Green.Core.csproj", "{117FB8B5-F12F-400B-8CB1-9E19C12FC46A}"
EndProject
Project("{FAE04EC0-301F-11D3-BF4B-00C04F79EFBC}") = "Green.Core.Tests", "Green.Core.Tests\Green.Core.Tests.csproj", "{700EBF4E-CE11-4A29-AEFC-5AB57033034D}"
EndProject
Global
	GlobalSection(SolutionConfigurationPlatforms) = preSolution
		Debug|Any CPU = Debug|Any CPU
		Release|Any CPU = Release|Any CPU
	EndGlobalSection
	GlobalSection(ProjectConfigurationPlatforms) = postSolution
		{117FB8B5-F12F-400B-8CB1-9E19C12FC46A}.Debug|Any CPU.ActiveCfg = Debug|Any CPU
		{117FB8B5-F12F-400B-8CB1-9E19C12FC46A}.Debug|Any CPU.Build.0 = Debug|Any CPU
		{117FB8B5-F12F-400B-8CB1-9E19C12FC46A}.Release|Any CPU.ActiveCfg = Release|Any CPU
		{117FB8B5-F12F-400B-8CB1-9E19C12FC46A}.Release|Any CPU.Build.0 = Release|Any CPU
		{700EBF4E-CE11-4A29-AEFC-5AB57033034D}.Debug|Any CPU.ActiveCfg = Debug|Any CPU
		{700EBF4E-CE11-4A29-AEFC-5AB57033034D}.Debug|Any CPU.Build.0 = Debug|Any CPU
		{700EBF4E-CE11-4A29-AEFC-5AB57033034D}.Release|Any CPU.ActiveCfg = Release|Any CPU
		{700EBF4E-CE11-4A29-AEFC-5AB57033034D}.Release|Any CPU.Build.0 = Release|Any CPU
	EndGlobalSection
	GlobalSection(SolutionProperties) = preSolution
		HideSolutionNode = FALSE
	EndGlobalSection
	GlobalSection(ExtensibilityGlobals) = postSolution
		SolutionGuid = {239A8BDE-FEED-4F39-B852-F260C5D75857}
	EndGlobalSection
EndGlobal
